
Microsoft Visual Studio Solution File, Format Version 12.00
# Visual Studio Version 16
VisualStudioVersion = 16.0.29123.88
MinimumVisualStudioVersion = 10.0.40219.1
Project("{FAE04EC0-301F-11D3-BF4B-00C04F79EFBC}") = "HomeWork25-07-19", "HomeWork25-07-19\HomeWork25-07-19.csproj", "{9F955358-EBEB-4C2B-8DC7-024E90EA7305}"
EndProject
Global
	GlobalSection(SolutionConfigurationPlatforms) = preSolution
		Debug|Any CPU = Debug|Any CPU
		Release|Any CPU = Release|Any CPU
	EndGlobalSection
	GlobalSection(ProjectConfigurationPlatforms) = postSolution
		{9F955358-EBEB-4C2B-8DC7-024E90EA7305}.Debug|Any CPU.ActiveCfg = Debug|Any CPU
		{9F955358-EBEB-4C2B-8DC7-024E90EA7305}.Debug|Any CPU.Build.0 = Debug|Any CPU
		{9F955358-EBEB-4C2B-8DC7-024E90EA7305}.Release|Any CPU.ActiveCfg = Release|Any CPU
		{9F955358-EBEB-4C2B-8DC7-024E90EA7305}.Release|Any CPU.Build.0 = Release|Any CPU
	EndGlobalSection
	GlobalSection(SolutionProperties) = preSolution
		HideSolutionNode = FALSE
	EndGlobalSection
	GlobalSection(ExtensibilityGlobals) = postSolution
		SolutionGuid = {AA679F69-E908-48CB-B553-E457E715D6EE}
	EndGlobalSection
EndGlobal
